Microsoft Visual Studio Solution File, Format Version 12.00
# Visual Studio 15
VisualStudioVersion = 15.0.28010.2046
MinimumVisualStudioVersion = 10.0.40219.1
Project("{9A19103F-16F7-4668-BE54-9A1E7A4F7556}") = "PdfSharp", "src\PdfSharp\PdfSharp.csproj", "{5A6055BC-BF86-4FDD-9F62-0109DB7A303B}"
EndProject
Project("{9A19103F-16F7-4668-BE54-9A1E7A4F7556}") = "PdfSharp.Charting", "src\PdfSharp.Charting\PdfSharp.Charting.csproj", "{6F98A822-41B0-4C7A-85A6-E95C1D3E88EF}"
EndProject
Project("{2150E333-8FDC-42A3-9474-1A3956D46DE8}") = "_Solution Items", "_Solution Items", "{117D36B6-63CF-48B7-8AAC-CF5D203CA46C}"
	ProjectSection(SolutionItems) = preProject
		.gitignore = .gitignore
		CHANGELOG.md = CHANGELOG.md
		LICENSE = LICENSE
		README.md = README.md
	EndProjectSection
EndProject
Project("{2150E333-8FDC-42A3-9474-1A3956D46DE8}") = "src", "src", "{033082E4-411A-4325-87CC-DDFE56025805}"
EndProject
Project("{2150E333-8FDC-42A3-9474-1A3956D46DE8}") = "samples", "samples", "{E535AA82-7AE2-4A79-AD6C-24BA93F56358}"
EndProject
Project("{2150E333-8FDC-42A3-9474-1A3956D46DE8}") = "test", "test", "{D4D17D9A-F08F-4B85-98F8-05822CA7B0D4}"
EndProject
Project("{9A19103F-16F7-4668-BE54-9A1E7A4F7556}") = "MigraDoc.DocumentObjectModel", "src\MigraDoc.DocumentObjectModel\MigraDoc.DocumentObjectModel.csproj", "{6318A852-EF6B-486F-8547-3D7E736D7943}"
EndProject
Project("{9A19103F-16F7-4668-BE54-9A1E7A4F7556}") = "MigraDoc.Rendering", "src\MigraDoc.Rendering\MigraDoc.Rendering.csproj", "{A0B7940A-0BFC-476D-A204-73F7C0F88FDE}"
EndProject
Project("{9A19103F-16F7-4668-BE54-9A1E7A4F7556}") = "2-HelloMigraDoc", "samples\HelloMigraDoc\2-HelloMigraDoc.csproj", "{161A6DED-0C0E-439D-BDE7-FABE2A01242C}"
EndProject
Project("{9A19103F-16F7-4668-BE54-9A1E7A4F7556}") = "1-HelloWorld", "samples\HelloWorld\1-HelloWorld.csproj", "{E11252A1-008F-4B13-9BFA-28694C2A6B4A}"
EndProject
Project("{9A19103F-16F7-4668-BE54-9A1E7A4F7556}") = "0-ProtectedPdf", "samples\ProtectedPdf\0-ProtectedPdf.csproj", "{BFE47E62-1EDF-4FB6-995E-8D5E94F396D5}"
EndProject
Project("{9A19103F-16F7-4668-BE54-9A1E7A4F7556}") = "3-Invoice", "samples\Invoice\3-Invoice.csproj", "{9C2ADCA1-8C6C-400C-B917-CC31362D6837}"
EndProject
Project("{9A19103F-16F7-4668-BE54-9A1E7A4F7556}") = "PdfSharpDemo", "samples\PdfSharpDemo\PdfSharpDemo.csproj", "{92E3B58E-2BAE-4B3C-9DDC-E44F148B5E84}"
EndProject
Project("{9A19103F-16F7-4668-BE54-9A1E7A4F7556}") = "OpenType", "src\OpenType\OpenType.csproj", "{CC76EF2F-D1F0-4B6E-9228-82ADB57B5F6F}"
EndProject
Project("{9A19103F-16F7-4668-BE54-9A1E7A4F7556}") = "TestOpenType", "samples\TestOpenType\TestOpenType.csproj", "{3334529C-3796-447A-9618-F48AB8B659FD}"
EndProject
Global
	GlobalSection(SolutionConfigurationPlatforms) = preSolution
		Debug|Any CPU = Debug|Any CPU
		Debug|ARM = Debug|ARM
		Debug|Mixed Platforms = Debug|Mixed Platforms
		Debug|Win32 = Debug|Win32
		Debug|x64 = Debug|x64
		Debug|x86 = Debug|x86
		Release|Any CPU = Release|Any CPU
		Release|ARM = Release|ARM
		Release|Mixed Platforms = Release|Mixed Platforms
		Release|Win32 = Release|Win32
		Release|x64 = Release|x64
		Release|x86 = Release|x86
	EndGlobalSection
	GlobalSection(ProjectConfigurationPlatforms) = postSolution
		{5A6055BC-BF86-4FDD-9F62-0109DB7A303B}.Debug|Any CPU.ActiveCfg = Debug|Any CPU
		{5A6055BC-BF86-4FDD-9F62-0109DB7A303B}.Debug|Any CPU.Build.0 = Debug|Any CPU
		{5A6055BC-BF86-4FDD-9F62-0109DB7A303B}.Debug|ARM.ActiveCfg = Debug|Any CPU
		{5A6055BC-BF86-4FDD-9F62-0109DB7A303B}.Debug|Mixed Platforms.ActiveCfg = Debug|Any CPU
		{5A6055BC-BF86-4FDD-9F62-0109DB7A303B}.Debug|Mixed Platforms.Build.0 = Debug|Any CPU
		{5A6055BC-BF86-4FDD-9F62-0109DB7A303B}.Debug|Win32.ActiveCfg = Debug|Any CPU
		{5A6055BC-BF86-4FDD-9F62-0109DB7A303B}.Debug|x64.ActiveCfg = Debug|Any CPU
		{5A6055BC-BF86-4FDD-9F62-0109DB7A303B}.Debug|x86.ActiveCfg = Debug|Any CPU
		{5A6055BC-BF86-4FDD-9F62-0109DB7A303B}.Release|Any CPU.ActiveCfg = Release|Any CPU
		{5A6055BC-BF86-4FDD-9F62-0109DB7A303B}.Release|Any CPU.Build.0 = Release|Any CPU
		{5A6055BC-BF86-4FDD-9F62-0109DB7A303B}.Release|ARM.ActiveCfg = Release|Any CPU
		{5A6055BC-BF86-4FDD-9F62-0109DB7A303B}.Release|Mixed Platforms.ActiveCfg = Release|Any CPU
		{5A6055BC-BF86-4FDD-9F62-0109DB7A303B}.Release|Mixed Platforms.Build.0 = Release|Any CPU
		{5A6055BC-BF86-4FDD-9F62-0109DB7A303B}.Release|Win32.ActiveCfg = Release|Any CPU
		{5A6055BC-BF86-4FDD-9F62-0109DB7A303B}.Release|x64.ActiveCfg = Release|Any CPU
		{5A6055BC-BF86-4FDD-9F62-0109DB7A303B}.Release|x86.ActiveCfg = Release|Any CPU
		{6F98A822-41B0-4C7A-85A6-E95C1D3E88EF}.Debug|Any CPU.ActiveCfg = Debug|Any CPU
		{6F98A822-41B0-4C7A-85A6-E95C1D3E88EF}.Debug|Any CPU.Build.0 = Debug|Any CPU
		{6F98A822-41B0-4C7A-85A6-E95C1D3E88EF}.Debug|ARM.ActiveCfg = Debug|Any CPU
		{6F98A822-41B0-4C7A-85A6-E95C1D3E88EF}.Debug|Mixed Platforms.ActiveCfg = Debug|Any CPU
		{6F98A822-41B0-4C7A-85A6-E95C1D3E88EF}.Debug|Mixed Platforms.Build.0 = Debug|Any CPU
		{6F98A822-41B0-4C7A-85A6-E95C1D3E88EF}.Debug|Win32.ActiveCfg = Debug|Any CPU
		{6F98A822-41B0-4C7A-85A6-E95C1D3E88EF}.Debug|x64.ActiveCfg = Debug|Any CPU
		{6F98A822-41B0-4C7A-85A6-E95C1D3E88EF}.Debug|x86.ActiveCfg = Debug|Any CPU
		{6F98A822-41B0-4C7A-85A6-E95C1D3E88EF}.Release|Any CPU.ActiveCfg = Release|Any CPU
		{6F98A822-41B0-4C7A-85A6-E95C1D3E88EF}.Release|Any CPU.Build.0 = Release|Any CPU
		{6F98A822-41B0-4C7A-85A6-E95C1D3E88EF}.Release|ARM.ActiveCfg = Release|Any CPU
		{6F98A822-41B0-4C7A-85A6-E95C1D3E88EF}.Release|Mixed Platforms.ActiveCfg = Release|Any CPU
		{6F98A822-41B0-4C7A-85A6-E95C1D3E88EF}.Release|Mixed Platforms.Build.0 = Release|Any CPU
		{6F98A822-41B0-4C7A-85A6-E95C1D3E88EF}.Release|Win32.ActiveCfg = Release|Any CPU
		{6F98A822-41B0-4C7A-85A6-E95C1D3E88EF}.Release|x64.ActiveCfg = Release|Any CPU
		{6F98A822-41B0-4C7A-85A6-E95C1D3E88EF}.Release|x86.ActiveCfg = Release|Any CPU
		{6318A852-EF6B-486F-8547-3D7E736D7943}.Debug|Any CPU.ActiveCfg = Debug|Any CPU
		{6318A852-EF6B-486F-8547-3D7E736D7943}.Debug|Any CPU.Build.0 = Debug|Any CPU
		{6318A852-EF6B-486F-8547-3D7E736D7943}.Debug|ARM.ActiveCfg = Debug|Any CPU
		{6318A852-EF6B-486F-8547-3D7E736D7943}.Debug|ARM.Build.0 = Debug|Any CPU
		{6318A852-EF6B-486F-8547-3D7E736D7943}.Debug|Mixed Platforms.ActiveCfg = Debug|Any CPU
		{6318A852-EF6B-486F-8547-3D7E736D7943}.Debug|Mixed Platforms.Build.0 = Debug|Any CPU
		{6318A852-EF6B-486F-8547-3D7E736D7943}.Debug|Win32.ActiveCfg = Debug|Any CPU
		{6318A852-EF6B-486F-8547-3D7E736D7943}.Debug|Win32.Build.0 = Debug|Any CPU
		{6318A852-EF6B-486F-8547-3D7E736D7943}.Debug|x64.ActiveCfg = Debug|Any CPU
		{6318A852-EF6B-486F-8547-3D7E736D7943}.Debug|x64.Build.0 = Debug|Any CPU
		{6318A852-EF6B-486F-8547-3D7E736D7943}.Debug|x86.ActiveCfg = Debug|Any CPU
		{6318A852-EF6B-486F-8547-3D7E736D7943}.Debug|x86.Build.0 = Debug|Any CPU
		{6318A852-EF6B-486F-8547-3D7E736D7943}.Release|Any CPU.ActiveCfg = Release|Any CPU
		{6318A852-EF6B-486F-8547-3D7E736D7943}.Release|Any CPU.Build.0 = Release|Any CPU
		{6318A852-EF6B-486F-8547-3D7E736D7943}.Release|ARM.ActiveCfg = Release|Any CPU
		{6318A852-EF6B-486F-8547-3D7E736D7943}.Release|ARM.Build.0 = Release|Any CPU
		{6318A852-EF6B-486F-8547-3D7E736D7943}.Release|Mixed Platforms.ActiveCfg = Release|Any CPU
		{6318A852-EF6B-486F-8547-3D7E736D7943}.Release|Mixed Platforms.Build.0 = Release|Any CPU
		{6318A852-EF6B-486F-8547-3D7E736D7943}.Release|Win32.ActiveCfg = Release|Any CPU
		{6318A852-EF6B-486F-8547-3D7E736D7943}.Release|Win32.Build.0 = Release|Any CPU
		{6318A852-EF6B-486F-8547-3D7E736D7943}.Release|x64.ActiveCfg = Release|Any CPU
		{6318A852-EF6B-486F-8547-3D7E736D7943}.Release|x64.Build.0 = Release|Any CPU
		{6318A852-EF6B-486F-8547-3D7E736D7943}.Release|x86.ActiveCfg = Release|Any CPU
		{6318A852-EF6B-486F-8547-3D7E736D7943}.Release|x86.Build.0 = Release|Any CPU
		{A0B7940A-0BFC-476D-A204-73F7C0F88FDE}.Debug|Any CPU.ActiveCfg = Debug|Any CPU
		{A0B7940A-0BFC-476D-A204-73F7C0F88FDE}.Debug|Any CPU.Build.0 = Debug|Any CPU
		{A0B7940A-0BFC-476D-A204-73F7C0F88FDE}.Debug|ARM.ActiveCfg = Debug|Any CPU
		{A0B7940A-0BFC-476D-A204-73F7C0F88FDE}.Debug|ARM.Build.0 = Debug|Any CPU
		{A0B7940A-0BFC-476D-A204-73F7C0F88FDE}.Debug|Mixed Platforms.ActiveCfg = Debug|Any CPU
		{A0B7940A-0BFC-476D-A204-73F7C0F88FDE}.Debug|Mixed Platforms.Build.0 = Debug|Any CPU
		{A0B7940A-0BFC-476D-A204-73F7C0F88FDE}.Debug|Win32.ActiveCfg = Debug|Any CPU
		{A0B7940A-0BFC-476D-A204-73F7C0F88FDE}.Debug|Win32.Build.0 = Debug|Any CPU
		{A0B7940A-0BFC-476D-A204-73F7C0F88FDE}.Debug|x64.ActiveCfg = Debug|Any CPU
		{A0B7940A-0BFC-476D-A204-73F7C0F88FDE}.Debug|x64.Build.0 = Debug|Any CPU
		{A0B7940A-0BFC-476D-A204-73F7C0F88FDE}.Debug|x86.ActiveCfg = Debug|Any CPU
		{A0B7940A-0BFC-476D-A204-73F7C0F88FDE}.Debug|x86.Build.0 = Debug|Any CPU
		{A0B7940A-0BFC-476D-A204-73F7C0F88FDE}.Release|Any CPU.ActiveCfg = Release|Any CPU
		{A0B7940A-0BFC-476D-A204-73F7C0F88FDE}.Release|Any CPU.Build.0 = Release|Any CPU
		{A0B7940A-0BFC-476D-A204-73F7C0F88FDE}.Release|ARM.ActiveCfg = Release|Any CPU
		{A0B7940A-0BFC-476D-A204-73F7C0F88FDE}.Release|ARM.Build.0 = Release|Any CPU
		{A0B7940A-0BFC-476D-A204-73F7C0F88FDE}.Release|Mixed Platforms.ActiveCfg = Release|Any CPU
		{A0B7940A-0BFC-476D-A204-73F7C0F88FDE}.Release|Mixed Platforms.Build.0 = Release|Any CPU
		{A0B7940A-0BFC-476D-A204-73F7C0F88FDE}.Release|Win32.ActiveCfg = Release|Any CPU
		{A0B7940A-0BFC-476D-A204-73F7C0F88FDE}.Release|Win32.Build.0 = Release|Any CPU
		{A0B7940A-0BFC-476D-A204-73F7C0F88FDE}.Release|x64.ActiveCfg = Release|Any CPU
		{A0B7940A-0BFC-476D-A204-73F7C0F88FDE}.Release|x64.Build.0 = Release|Any CPU
		{A0B7940A-0BFC-476D-A204-73F7C0F88FDE}.Release|x86.ActiveCfg = Release|Any CPU
		{A0B7940A-0BFC-476D-A204-73F7C0F88FDE}.Release|x86.Build.0 = Release|Any CPU
		{161A6DED-0C0E-439D-BDE7-FABE2A01242C}.Debug|Any CPU.ActiveCfg = Debug|Any CPU
		{161A6DED-0C0E-439D-BDE7-FABE2A01242C}.Debug|Any CPU.Build.0 = Debug|Any CPU
		{161A6DED-0C0E-439D-BDE7-FABE2A01242C}.Debug|ARM.ActiveCfg = Debug|Any CPU
		{161A6DED-0C0E-439D-BDE7-FABE2A01242C}.Debug|ARM.Build.0 = Debug|Any CPU
		{161A6DED-0C0E-439D-BDE7-FABE2A01242C}.Debug|Mixed Platforms.ActiveCfg = Debug|Any CPU
		{161A6DED-0C0E-439D-BDE7-FABE2A01242C}.Debug|Mixed Platforms.Build.0 = Debug|Any CPU
		{161A6DED-0C0E-439D-BDE7-FABE2A01242C}.Debug|Win32.ActiveCfg = Debug|Any CPU
		{161A6DED-0C0E-439D-BDE7-FABE2A01242C}.Debug|Win32.Build.0 = Debug|Any CPU
		{161A6DED-0C0E-439D-BDE7-FABE2A01242C}.Debug|x64.ActiveCfg = Debug|Any CPU
		{161A6DED-0C0E-439D-BDE7-FABE2A01242C}.Debug|x64.Build.0 = Debug|Any CPU
		{161A6DED-0C0E-439D-BDE7-FABE2A01242C}.Debug|x86.ActiveCfg = Debug|Any CPU
		{161A6DED-0C0E-439D-BDE7-FABE2A01242C}.Debug|x86.Build.0 = Debug|Any CPU
		{161A6DED-0C0E-439D-BDE7-FABE2A01242C}.Release|Any CPU.ActiveCfg = Release|Any CPU
		{161A6DED-0C0E-439D-BDE7-FABE2A01242C}.Release|Any CPU.Build.0 = Release|Any CPU
		{161A6DED-0C0E-439D-BDE7-FABE2A01242C}.Release|ARM.ActiveCfg = Release|Any CPU
		{161A6DED-0C0E-439D-BDE7-FABE2A01242C}.Release|ARM.Build.0 = Release|Any CPU
		{161A6DED-0C0E-439D-BDE7-FABE2A01242C}.Release|Mixed Platforms.ActiveCfg = Release|Any CPU
		{161A6DED-0C0E-439D-BDE7-FABE2A01242C}.Release|Mixed Platforms.Build.0 = Release|Any CPU
		{161A6DED-0C0E-439D-BDE7-FABE2A01242C}.Release|Win32.ActiveCfg = Release|Any CPU
		{161A6DED-0C0E-439D-BDE7-FABE2A01242C}.Release|Win32.Build.0 = Release|Any CPU
		{161A6DED-0C0E-439D-BDE7-FABE2A01242C}.Release|x64.ActiveCfg = Release|Any CPU
		{161A6DED-0C0E-439D-BDE7-FABE2A01242C}.Release|x64.Build.0 = Release|Any CPU
		{161A6DED-0C0E-439D-BDE7-FABE2A01242C}.Release|x86.ActiveCfg = Release|Any CPU
		{161A6DED-0C0E-439D-BDE7-FABE2A01242C}.Release|x86.Build.0 = Release|Any CPU
		{E11252A1-008F-4B13-9BFA-28694C2A6B4A}.Debug|Any CPU.ActiveCfg = Debug|Any CPU
		{E11252A1-008F-4B13-9BFA-28694C2A6B4A}.Debug|Any CPU.Build.0 = Debug|Any CPU
		{E11252A1-008F-4B13-9BFA-28694C2A6B4A}.Debug|ARM.ActiveCfg = Debug|Any CPU
		{E11252A1-008F-4B13-9BFA-28694C2A6B4A}.Debug|ARM.Build.0 = Debug|Any CPU
		{E11252A1-008F-4B13-9BFA-28694C2A6B4A}.Debug|Mixed Platforms.ActiveCfg = Debug|Any CPU
		{E11252A1-008F-4B13-9BFA-28694C2A6B4A}.Debug|Mixed Platforms.Build.0 = Debug|Any CPU
		{E11252A1-008F-4B13-9BFA-28694C2A6B4A}.Debug|Win32.ActiveCfg = Debug|Any CPU
		{E11252A1-008F-4B13-9BFA-28694C2A6B4A}.Debug|Win32.Build.0 = Debug|Any CPU
		{E11252A1-008F-4B13-9BFA-28694C2A6B4A}.Debug|x64.ActiveCfg = Debug|Any CPU
		{E11252A1-008F-4B13-9BFA-28694C2A6B4A}.Debug|x64.Build.0 = Debug|Any CPU
		{E11252A1-008F-4B13-9BFA-28694C2A6B4A}.Debug|x86.ActiveCfg = Debug|Any CPU
		{E11252A1-008F-4B13-9BFA-28694C2A6B4A}.Debug|x86.Build.0 = Debug|Any CPU
		{E11252A1-008F-4B13-9BFA-28694C2A6B4A}.Release|Any CPU.ActiveCfg = Release|Any CPU
		{E11252A1-008F-4B13-9BFA-28694C2A6B4A}.Release|Any CPU.Build.0 = Release|Any CPU
		{E11252A1-008F-4B13-9BFA-28694C2A6B4A}.Release|ARM.ActiveCfg = Release|Any CPU
		{E11252A1-008F-4B13-9BFA-28694C2A6B4A}.Release|ARM.Build.0 = Release|Any CPU
		{E11252A1-008F-4B13-9BFA-28694C2A6B4A}.Release|Mixed Platforms.ActiveCfg = Release|Any CPU
		{E11252A1-008F-4B13-9BFA-28694C2A6B4A}.Release|Mixed Platforms.Build.0 = Release|Any CPU
		{E11252A1-008F-4B13-9BFA-28694C2A6B4A}.Release|Win32.ActiveCfg = Release|Any CPU
		{E11252A1-008F-4B13-9BFA-28694C2A6B4A}.Release|Win32.Build.0 = Release|Any CPU
		{E11252A1-008F-4B13-9BFA-28694C2A6B4A}.Release|x64.ActiveCfg = Release|Any CPU
		{E11252A1-008F-4B13-9BFA-28694C2A6B4A}.Release|x64.Build.0 = Release|Any CPU
		{E11252A1-008F-4B13-9BFA-28694C2A6B4A}.Release|x86.ActiveCfg = Release|Any CPU
		{E11252A1-008F-4B13-9BFA-28694C2A6B4A}.Release|x86.Build.0 = Release|Any CPU
		{BFE47E62-1EDF-4FB6-995E-8D5E94F396D5}.Debug|Any CPU.ActiveCfg = Debug|Any CPU
		{BFE47E62-1EDF-4FB6-995E-8D5E94F396D5}.Debug|Any CPU.Build.0 = Debug|Any CPU
		{BFE47E62-1EDF-4FB6-995E-8D5E94F396D5}.Debug|ARM.ActiveCfg = Debug|Any CPU
		{BFE47E62-1EDF-4FB6-995E-8D5E94F396D5}.Debug|ARM.Build.0 = Debug|Any CPU
		{BFE47E62-1EDF-4FB6-995E-8D5E94F396D5}.Debug|Mixed Platforms.ActiveCfg = Debug|Any CPU
		{BFE47E62-1EDF-4FB6-995E-8D5E94F396D5}.Debug|Mixed Platforms.Build.0 = Debug|Any CPU
		{BFE47E62-1EDF-4FB6-995E-8D5E94F396D5}.Debug|Win32.ActiveCfg = Debug|Any CPU
		{BFE47E62-1EDF-4FB6-995E-8D5E94F396D5}.Debug|Win32.Build.0 = Debug|Any CPU
		{BFE47E62-1EDF-4FB6-995E-8D5E94F396D5}.Debug|x64.ActiveCfg = Debug|Any CPU
		{BFE47E62-1EDF-4FB6-995E-8D5E94F396D5}.Debug|x64.Build.0 = Debug|Any CPU
		{BFE47E62-1EDF-4FB6-995E-8D5E94F396D5}.Debug|x86.ActiveCfg = Debug|Any CPU
		{BFE47E62-1EDF-4FB6-995E-8D5E94F396D5}.Debug|x86.Build.0 = Debug|Any CPU
		{BFE47E62-1EDF-4FB6-995E-8D5E94F396D5}.Release|Any CPU.ActiveCfg = Release|Any CPU
		{BFE47E62-1EDF-4FB6-995E-8D5E94F396D5}.Release|Any CPU.Build.0 = Release|Any CPU
		{BFE47E62-1EDF-4FB6-995E-8D5E94F396D5}.Release|ARM.ActiveCfg = Release|Any CPU
		{BFE47E62-1EDF-4FB6-995E-8D5E94F396D5}.Release|ARM.Build.0 = Release|Any CPU
		{BFE47E62-1EDF-4FB6-995E-8D5E94F396D5}.Release|Mixed Platforms.ActiveCfg = Release|Any CPU
		{BFE47E62-1EDF-4FB6-995E-8D5E94F396D5}.Release|Mixed Platforms.Build.0 = Release|Any CPU
		{BFE47E62-1EDF-4FB6-995E-8D5E94F396D5}.Release|Win32.ActiveCfg = Release|Any CPU
		{BFE47E62-1EDF-4FB6-995E-8D5E94F396D5}.Release|Win32.Build.0 = Release|Any CPU
		{BFE47E62-1EDF-4FB6-995E-8D5E94F396D5}.Release|x64.ActiveCfg = Release|Any CPU
		{BFE47E62-1EDF-4FB6-995E-8D5E94F396D5}.Release|x64.Build.0 = Release|Any CPU
		{BFE47E62-1EDF-4FB6-995E-8D5E94F396D5}.Release|x86.ActiveCfg = Release|Any CPU
		{BFE47E62-1EDF-4FB6-995E-8D5E94F396D5}.Release|x86.Build.0 = Release|Any CPU
		{9C2ADCA1-8C6C-400C-B917-CC31362D6837}.Debug|Any CPU.ActiveCfg = Debug|Any CPU
		{9C2ADCA1-8C6C-400C-B917-CC31362D6837}.Debug|Any CPU.Build.0 = Debug|Any CPU
		{9C2ADCA1-8C6C-400C-B917-CC31362D6837}.Debug|ARM.ActiveCfg = Debug|Any CPU
		{9C2ADCA1-8C6C-400C-B917-CC31362D6837}.Debug|ARM.Build.0 = Debug|Any CPU
		{9C2ADCA1-8C6C-400C-B917-CC31362D6837}.Debug|Mixed Platforms.ActiveCfg = Debug|Any CPU
		{9C2ADCA1-8C6C-400C-B917-CC31362D6837}.Debug|Mixed Platforms.Build.0 = Debug|Any CPU
		{9C2ADCA1-8C6C-400C-B917-CC31362D6837}.Debug|Win32.ActiveCfg = Debug|Any CPU
		{9C2ADCA1-8C6C-400C-B917-CC31362D6837}.Debug|Win32.Build.0 = Debug|Any CPU
		{9C2ADCA1-8C6C-400C-B917-CC31362D6837}.Debug|x64.ActiveCfg = Debug|Any CPU
		{9C2ADCA1-8C6C-400C-B917-CC31362D6837}.Debug|x64.Build.0 = Debug|Any CPU
		{9C2ADCA1-8C6C-400C-B917-CC31362D6837}.Debug|x86.ActiveCfg = Debug|Any CPU
		{9C2ADCA1-8C6C-400C-B917-CC31362D6837}.Debug|x86.Build.0 = Debug|Any CPU
		{9C2ADCA1-8C6C-400C-B917-CC31362D6837}.Release|Any CPU.ActiveCfg = Release|Any CPU
		{9C2ADCA1-8C6C-400C-B917-CC31362D6837}.Release|Any CPU.Build.0 = Release|Any CPU
		{9C2ADCA1-8C6C-400C-B917-CC31362D6837}.Release|ARM.ActiveCfg = Release|Any CPU
		{9C2ADCA1-8C6C-400C-B917-CC31362D6837}.Release|ARM.Build.0 = Release|Any CPU
		{9C2ADCA1-8C6C-400C-B917-CC31362D6837}.Release|Mixed Platforms.ActiveCfg = Release|Any CPU
		{9C2ADCA1-8C6C-400C-B917-CC31362D6837}.Release|Mixed Platforms.Build.0 = Release|Any CPU
		{9C2ADCA1-8C6C-400C-B917-CC31362D6837}.Release|Win32.ActiveCfg = Release|Any CPU
		{9C2ADCA1-8C6C-400C-B917-CC31362D6837}.Release|Win32.Build.0 = Release|Any CPU
		{9C2ADCA1-8C6C-400C-B917-CC31362D6837}.Release|x64.ActiveCfg = Release|Any CPU
		{9C2ADCA1-8C6C-400C-B917-CC31362D6837}.Release|x64.Build.0 = Release|Any CPU
		{9C2ADCA1-8C6C-400C-B917-CC31362D6837}.Release|x86.ActiveCfg = Release|Any CPU
		{9C2ADCA1-8C6C-400C-B917-CC31362D6837}.Release|x86.Build.0 = Release|Any CPU
		{92E3B58E-2BAE-4B3C-9DDC-E44F148B5E84}.Debug|Any CPU.ActiveCfg = Debug|Any CPU
		{92E3B58E-2BAE-4B3C-9DDC-E44F148B5E84}.Debug|Any CPU.Build.0 = Debug|Any CPU
		{92E3B58E-2BAE-4B3C-9DDC-E44F148B5E84}.Debug|ARM.ActiveCfg = Debug|Any CPU
		{92E3B58E-2BAE-4B3C-9DDC-E44F148B5E84}.Debug|ARM.Build.0 = Debug|Any CPU
		{92E3B58E-2BAE-4B3C-9DDC-E44F148B5E84}.Debug|Mixed Platforms.ActiveCfg = Debug|Any CPU
		{92E3B58E-2BAE-4B3C-9DDC-E44F148B5E84}.Debug|Mixed Platforms.Build.0 = Debug|Any CPU
		{92E3B58E-2BAE-4B3C-9DDC-E44F148B5E84}.Debug|Win32.ActiveCfg = Debug|Any CPU
		{92E3B58E-2BAE-4B3C-9DDC-E44F148B5E84}.Debug|Win32.Build.0 = Debug|Any CPU
		{92E3B58E-2BAE-4B3C-9DDC-E44F148B5E84}.Debug|x64.ActiveCfg = Debug|Any CPU
		{92E3B58E-2BAE-4B3C-9DDC-E44F148B5E84}.Debug|x64.Build.0 = Debug|Any CPU
		{92E3B58E-2BAE-4B3C-9DDC-E44F148B5E84}.Debug|x86.ActiveCfg = Debug|Any CPU
		{92E3B58E-2BAE-4B3C-9DDC-E44F148B5E84}.Debug|x86.Build.0 = Debug|Any CPU
		{92E3B58E-2BAE-4B3C-9DDC-E44F148B5E84}.Release|Any CPU.ActiveCfg = Release|Any CPU
		{92E3B58E-2BAE-4B3C-9DDC-E44F148B5E84}.Release|Any CPU.Build.0 = Release|Any CPU
		{92E3B58E-2BAE-4B3C-9DDC-E44F148B5E84}.Release|ARM.ActiveCfg = Release|Any CPU
		{92E3B58E-2BAE-4B3C-9DDC-E44F148B5E84}.Release|ARM.Build.0 = Release|Any CPU
		{92E3B58E-2BAE-4B3C-9DDC-E44F148B5E84}.Release|Mixed Platforms.ActiveCfg = Release|Any CPU
		{92E3B58E-2BAE-4B3C-9DDC-E44F148B5E84}.Release|Mixed Platforms.Build.0 = Release|Any CPU
		{92E3B58E-2BAE-4B3C-9DDC-E44F148B5E84}.Release|Win32.ActiveCfg = Release|Any CPU
		{92E3B58E-2BAE-4B3C-9DDC-E44F148B5E84}.Release|Win32.Build.0 = Release|Any CPU
		{92E3B58E-2BAE-4B3C-9DDC-E44F148B5E84}.Release|x64.ActiveCfg = Release|Any CPU
		{92E3B58E-2BAE-4B3C-9DDC-E44F148B5E84}.Release|x64.Build.0 = Release|Any CPU
		{92E3B58E-2BAE-4B3C-9DDC-E44F148B5E84}.Release|x86.ActiveCfg = Release|Any CPU
		{92E3B58E-2BAE-4B3C-9DDC-E44F148B5E84}.Release|x86.Build.0 = Release|Any CPU
		{CC76EF2F-D1F0-4B6E-9228-82ADB57B5F6F}.Debug|Any CPU.ActiveCfg = Debug|Any CPU
		{CC76EF2F-D1F0-4B6E-9228-82ADB57B5F6F}.Debug|Any CPU.Build.0 = Debug|Any CPU
		{CC76EF2F-D1F0-4B6E-9228-82ADB57B5F6F}.Debug|ARM.ActiveCfg = Debug|Any CPU
		{CC76EF2F-D1F0-4B6E-9228-82ADB57B5F6F}.Debug|ARM.Build.0 = Debug|Any CPU
		{CC76EF2F-D1F0-4B6E-9228-82ADB57B5F6F}.Debug|Mixed Platforms.ActiveCfg = Debug|Any CPU
		{CC76EF2F-D1F0-4B6E-9228-82ADB57B5F6F}.Debug|Mixed Platforms.Build.0 = Debug|Any CPU
		{CC76EF2F-D1F0-4B6E-9228-82ADB57B5F6F}.Debug|Win32.ActiveCfg = Debug|Any CPU
		{CC76EF2F-D1F0-4B6E-9228-82ADB57B5F6F}.Debug|Win32.Build.0 = Debug|Any CPU
		{CC76EF2F-D1F0-4B6E-9228-82ADB57B5F6F}.Debug|x64.ActiveCfg = Debug|Any CPU
		{CC76EF2F-D1F0-4B6E-9228-82ADB57B5F6F}.Debug|x64.Build.0 = Debug|Any CPU
		{CC76EF2F-D1F0-4B6E-9228-82ADB57B5F6F}.Debug|x86.ActiveCfg = Debug|Any CPU
		{CC76EF2F-D1F0-4B6E-9228-82ADB57B5F6F}.Debug|x86.Build.0 = Debug|Any CPU
		{CC76EF2F-D1F0-4B6E-9228-82ADB57B5F6F}.Release|Any CPU.ActiveCfg = Release|Any CPU
		{CC76EF2F-D1F0-4B6E-9228-82ADB57B5F6F}.Release|Any CPU.Build.0 = Release|Any CPU
		{CC76EF2F-D1F0-4B6E-9228-82ADB57B5F6F}.Release|ARM.ActiveCfg = Release|Any CPU
		{CC76EF2F-D1F0-4B6E-9228-82ADB57B5F6F}.Release|ARM.Build.0 = Release|Any CPU
		{CC76EF2F-D1F0-4B6E-9228-82ADB57B5F6F}.Release|Mixed Platforms.ActiveCfg = Release|Any CPU
		{CC76EF2F-D1F0-4B6E-9228-82ADB57B5F6F}.Release|Mixed Platforms.Build.0 = Release|Any CPU
		{CC76EF2F-D1F0-4B6E-9228-82ADB57B5F6F}.Release|Win32.ActiveCfg = Release|Any CPU
		{CC76EF2F-D1F0-4B6E-9228-82ADB57B5F6F}.Release|Win32.Build.0 = Release|Any CPU
		{CC76EF2F-D1F0-4B6E-9228-82ADB57B5F6F}.Release|x64.ActiveCfg = Release|Any CPU
		{CC76EF2F-D1F0-4B6E-9228-82ADB57B5F6F}.Release|x64.Build.0 = Release|Any CPU
		{CC76EF2F-D1F0-4B6E-9228-82ADB57B5F6F}.Release|x86.ActiveCfg = Release|Any CPU
		{CC76EF2F-D1F0-4B6E-9228-82ADB57B5F6F}.Release|x86.Build.0 = Release|Any CPU
		{3334529C-3796-447A-9618-F48AB8B659FD}.Debug|Any CPU.ActiveCfg = Debug|Any CPU
		{3334529C-3796-447A-9618-F48AB8B659FD}.Debug|Any CPU.Build.0 = Debug|Any CPU
		{3334529C-3796-447A-9618-F48AB8B659FD}.Debug|ARM.ActiveCfg = Debug|Any CPU
		{3334529C-3796-447A-9618-F48AB8B659FD}.Debug|ARM.Build.0 = Debug|Any CPU
		{3334529C-3796-447A-9618-F48AB8B659FD}.Debug|Mixed Platforms.ActiveCfg = Debug|Any CPU
		{3334529C-3796-447A-9618-F48AB8B659FD}.Debug|Mixed Platforms.Build.0 = Debug|Any CPU
		{3334529C-3796-447A-9618-F48AB8B659FD}.Debug|Win32.ActiveCfg = Debug|Any CPU
		{3334529C-3796-447A-9618-F48AB8B659FD}.Debug|Win32.Build.0 = Debug|Any CPU
		{3334529C-3796-447A-9618-F48AB8B659FD}.Debug|x64.ActiveCfg = Debug|Any CPU
		{3334529C-3796-447A-9618-F48AB8B659FD}.Debug|x64.Build.0 = Debug|Any CPU
		{3334529C-3796-447A-9618-F48AB8B659FD}.Debug|x86.ActiveCfg = Debug|Any CPU
		{3334529C-3796-447A-9618-F48AB8B659FD}.Debug|x86.Build.0 = Debug|Any CPU
		{3334529C-3796-447A-9618-F48AB8B659FD}.Release|Any CPU.ActiveCfg = Release|Any CPU
		{3334529C-3796-447A-9618-F48AB8B659FD}.Release|Any CPU.Build.0 = Release|Any CPU
		{3334529C-3796-447A-9618-F48AB8B659FD}.Release|ARM.ActiveCfg = Release|Any CPU
		{3334529C-3796-447A-9618-F48AB8B659FD}.Release|ARM.Build.0 = Release|Any CPU
		{3334529C-3796-447A-9618-F48AB8B659FD}.Release|Mixed Platforms.ActiveCfg = Release|Any CPU
		{3334529C-3796-447A-9618-F48AB8B659FD}.Release|Mixed Platforms.Build.0 = Release|Any CPU
		{3334529C-3796-447A-9618-F48AB8B659FD}.Release|Win32.ActiveCfg = Release|Any CPU
		{3334529C-3796-447A-9618-F48AB8B659FD}.Release|Win32.Build.0 = Release|Any CPU
		{3334529C-3796-447A-9618-F48AB8B659FD}.Release|x64.ActiveCfg = Release|Any CPU
		{3334529C-3796-447A-9618-F48AB8B659FD}.Release|x64.Build.0 = Release|Any CPU
		{3334529C-3796-447A-9618-F48AB8B659FD}.Release|x86.ActiveCfg = Release|Any CPU
		{3334529C-3796-447A-9618-F48AB8B659FD}.Release|x86.Build.0 = Release|Any CPU
	EndGlobalSection
	GlobalSection(SolutionProperties) = preSolution
		HideSolutionNode = FALSE
	EndGlobalSection
	GlobalSection(NestedProjects) = preSolution
		{5A6055BC-BF86-4FDD-9F62-0109DB7A303B} = {033082E4-411A-4325-87CC-DDFE56025805}
		{6F98A822-41B0-4C7A-85A6-E95C1D3E88EF} = {033082E4-411A-4325-87CC-DDFE56025805}
		{6318A852-EF6B-486F-8547-3D7E736D7943} = {033082E4-411A-4325-87CC-DDFE56025805}
		{A0B7940A-0BFC-476D-A204-73F7C0F88FDE} = {033082E4-411A-4325-87CC-DDFE56025805}
		{161A6DED-0C0E-439D-BDE7-FABE2A01242C} = {E535AA82-7AE2-4A79-AD6C-24BA93F56358}
		{E11252A1-008F-4B13-9BFA-28694C2A6B4A} = {E535AA82-7AE2-4A79-AD6C-24BA93F56358}
		{BFE47E62-1EDF-4FB6-995E-8D5E94F396D5} = {E535AA82-7AE2-4A79-AD6C-24BA93F56358}
		{9C2ADCA1-8C6C-400C-B917-CC31362D6837} = {E535AA82-7AE2-4A79-AD6C-24BA93F56358}
		{92E3B58E-2BAE-4B3C-9DDC-E44F148B5E84} = {E535AA82-7AE2-4A79-AD6C-24BA93F56358}
		{CC76EF2F-D1F0-4B6E-9228-82ADB57B5F6F} = {033082E4-411A-4325-87CC-DDFE56025805}
		{3334529C-3796-447A-9618-F48AB8B659FD} = {E535AA82-7AE2-4A79-AD6C-24BA93F56358}
	EndGlobalSection
	GlobalSection(ExtensibilityGlobals) = postSolution
		SolutionGuid = {D08F79F0-FF0C-4E3F-A452-F02F62C759B1}
	EndGlobalSection
EndGlobal
